
Microsoft Visual Studio Solution File, Format Version 12.00
# Visual Studio Version 16
VisualStudioVersion = 16.0.29728.190
MinimumVisualStudioVersion = 10.0.40219.1
Project("{FAE04EC0-301F-11D3-BF4B-00C04F79EFBC}") = "MySuperHeroProject", "MySuperHeroProject\MySuperHeroProject.csproj", "{592CC6A4-70E7-49DA-8E38-1C50B2A56A29}"
EndProject
Global
	GlobalSection(SolutionConfigurationPlatforms) = preSolution
		Debug|Any CPU = Debug|Any CPU
		Release|Any CPU = Release|Any CPU
	EndGlobalSection
	GlobalSection(ProjectConfigurationPlatforms) = postSolution
		{592CC6A4-70E7-49DA-8E38-1C50B2A56A29}.Debug|Any CPU.ActiveCfg = Debug|Any CPU
		{592CC6A4-70E7-49DA-8E38-1C50B2A56A29}.Debug|Any CPU.Build.0 = Debug|Any CPU
		{592CC6A4-70E7-49DA-8E38-1C50B2A56A29}.Release|Any CPU.ActiveCfg = Release|Any CPU
		{592CC6A4-70E7-49DA-8E38-1C50B2A56A29}.Release|Any CPU.Build.0 = Release|Any CPU
	EndGlobalSection
	GlobalSection(SolutionProperties) = preSolution
		HideSolutionNode = FALSE
	EndGlobalSection
	GlobalSection(ExtensibilityGlobals) = postSolution
		SolutionGuid = {61B2FF99-11AC-450C-B87E-15C416413EBD}
	EndGlobalSection
EndGlobal
